
Microsoft Visual Studio Solution File, Format Version 12.00
# Visual Studio Version 17
VisualStudioVersion = 17.11.35219.272
MinimumVisualStudioVersion = 10.0.40219.1
Project("{FAE04EC0-301F-11D3-BF4B-00C04F79EFBC}") = "reading_csvs", "reading_csvs\reading_csvs.csproj", "{B5368422-2F79-4AC0-AB29-09605086F885}"
EndProject
Global
	GlobalSection(SolutionConfigurationPlatforms) = preSolution
		Debug|Any CPU = Debug|Any CPU
		Release|Any CPU = Release|Any CPU
	EndGlobalSection
	GlobalSection(ProjectConfigurationPlatforms) = postSolution
		{B5368422-2F79-4AC0-AB29-09605086F885}.Debug|Any CPU.ActiveCfg = Debug|Any CPU
		{B5368422-2F79-4AC0-AB29-09605086F885}.Debug|Any CPU.Build.0 = Debug|Any CPU
		{B5368422-2F79-4AC0-AB29-09605086F885}.Release|Any CPU.ActiveCfg = Release|Any CPU
		{B5368422-2F79-4AC0-AB29-09605086F885}.Release|Any CPU.Build.0 = Release|Any CPU
	EndGlobalSection
	GlobalSection(SolutionProperties) = preSolution
		HideSolutionNode = FALSE
	EndGlobalSection
	GlobalSection(ExtensibilityGlobals) = postSolution
		SolutionGuid = {25E1FF0C-E5E8-4CF8-821F-3054EDC8B3A7}
	EndGlobalSection
EndGlobal
